
Microsoft Visual Studio Solution File, Format Version 12.00
# Visual Studio Version 18
VisualStudioVersion = 18.0.11205.157
MinimumVisualStudioVersion = 10.0.40219.1
Project("{2150E333-8FDC-42A3-9474-1A3956D46DE8}") = "src", "src", "{E9A482E6-0B91-44E4-8BA4-C7E34C82EA5B}"
	ProjectSection(SolutionItems) = preProject
		src\SHA512.cs = src\SHA512.cs
	EndProjectSection
EndProject
Project("{2150E333-8FDC-42A3-9474-1A3956D46DE8}") = ".github", ".github", "{98BCD851-AA85-4C43-B02B-9FBD767065E0}"
EndProject
Project("{2150E333-8FDC-42A3-9474-1A3956D46DE8}") = "workflows", "workflows", "{E8BD125A-295F-4A28-8B57-9AE7D27EED2E}"
	ProjectSection(SolutionItems) = preProject
		.github\workflows\build_10.0.yml = .github\workflows\build_10.0.yml
	EndProjectSection
EndProject
Project("{2150E333-8FDC-42A3-9474-1A3956D46DE8}") = "솔루션 항목", "솔루션 항목", "{AA1A1F68-8081-40A9-AF23-B09F856A272B}"
	ProjectSection(SolutionItems) = preProject
		.gitignore = .gitignore
		license = license
		README.md = README.md
	EndProjectSection
EndProject
Project("{FAE04EC0-301F-11D3-BF4B-00C04F79EFBC}") = "MetaFrm.Security.SHA512(net10.0)", "MetaFrm.Security.SHA512(net10.0)\MetaFrm.Security.SHA512(net10.0).csproj", "{7592EC37-90CF-CA7F-1CB2-68AB55D3C952}"
EndProject
Global
	GlobalSection(SolutionConfigurationPlatforms) = preSolution
		Debug|Any CPU = Debug|Any CPU
		Release|Any CPU = Release|Any CPU
	EndGlobalSection
	GlobalSection(ProjectConfigurationPlatforms) = postSolution
		{7592EC37-90CF-CA7F-1CB2-68AB55D3C952}.Debug|Any CPU.ActiveCfg = Debug|Any CPU
		{7592EC37-90CF-CA7F-1CB2-68AB55D3C952}.Debug|Any CPU.Build.0 = Debug|Any CPU
		{7592EC37-90CF-CA7F-1CB2-68AB55D3C952}.Release|Any CPU.ActiveCfg = Release|Any CPU
		{7592EC37-90CF-CA7F-1CB2-68AB55D3C952}.Release|Any CPU.Build.0 = Release|Any CPU
	EndGlobalSection
	GlobalSection(SolutionProperties) = preSolution
		HideSolutionNode = FALSE
	EndGlobalSection
	GlobalSection(NestedProjects) = preSolution
		{E8BD125A-295F-4A28-8B57-9AE7D27EED2E} = {98BCD851-AA85-4C43-B02B-9FBD767065E0}
	EndGlobalSection
	GlobalSection(ExtensibilityGlobals) = postSolution
		SolutionGuid = {9A676D9C-325C-4D7C-BA03-37337DEE0C1C}
	EndGlobalSection
EndGlobal
